
Microsoft Visual Studio Solution File, Format Version 12.00
# Visual Studio Version 17
VisualStudioVersion = 17.0.32126.317
MinimumVisualStudioVersion = 10.0.40219.1
Project("{9A19103F-16F7-4668-BE54-9A1E7A4F7556}") = "ASPNET.Business", "src\ASPNET.Business\ASPNET.Business.csproj", "{3C4EE355-2270-4083-965B-3CE2E3A41518}"
EndProject
Project("{9A19103F-16F7-4668-BE54-9A1E7A4F7556}") = "ASPNET.Data", "src\ASPNET.Data\ASPNET.Data.csproj", "{EFFAD045-5C8D-4590-806E-075862063C04}"
EndProject
Project("{FAE04EC0-301F-11D3-BF4B-00C04F79EFBC}") = "ASPNET.Api", "src\ASPNET.Api\ASPNET.Api.csproj", "{0C8A2C37-6310-40FE-AE81-5444E680E3D9}"
EndProject
Global
	GlobalSection(SolutionConfigurationPlatforms) = preSolution
		Debug|Any CPU = Debug|Any CPU
		Release|Any CPU = Release|Any CPU
	EndGlobalSection
	GlobalSection(ProjectConfigurationPlatforms) = postSolution
		{3C4EE355-2270-4083-965B-3CE2E3A41518}.Debug|Any CPU.ActiveCfg = Debug|Any CPU
		{3C4EE355-2270-4083-965B-3CE2E3A41518}.Debug|Any CPU.Build.0 = Debug|Any CPU
		{3C4EE355-2270-4083-965B-3CE2E3A41518}.Release|Any CPU.ActiveCfg = Release|Any CPU
		{3C4EE355-2270-4083-965B-3CE2E3A41518}.Release|Any CPU.Build.0 = Release|Any CPU
		{EFFAD045-5C8D-4590-806E-075862063C04}.Debug|Any CPU.ActiveCfg = Debug|Any CPU
		{EFFAD045-5C8D-4590-806E-075862063C04}.Debug|Any CPU.Build.0 = Debug|Any CPU
		{EFFAD045-5C8D-4590-806E-075862063C04}.Release|Any CPU.ActiveCfg = Release|Any CPU
		{EFFAD045-5C8D-4590-806E-075862063C04}.Release|Any CPU.Build.0 = Release|Any CPU
		{0C8A2C37-6310-40FE-AE81-5444E680E3D9}.Debug|Any CPU.ActiveCfg = Debug|Any CPU
		{0C8A2C37-6310-40FE-AE81-5444E680E3D9}.Debug|Any CPU.Build.0 = Debug|Any CPU
		{0C8A2C37-6310-40FE-AE81-5444E680E3D9}.Release|Any CPU.ActiveCfg = Release|Any CPU
		{0C8A2C37-6310-40FE-AE81-5444E680E3D9}.Release|Any CPU.Build.0 = Release|Any CPU
	EndGlobalSection
	GlobalSection(SolutionProperties) = preSolution
		HideSolutionNode = FALSE
	EndGlobalSection
	GlobalSection(ExtensibilityGlobals) = postSolution
		SolutionGuid = {8B60AB9E-4309-4F14-8A51-B1267DA32A78}
	EndGlobalSection
EndGlobal
